// !$*UTF8*$!
{
	archiveVersion = 1;
	classes = {
	};
	objectVersion = 50;
	objects = {

/* Begin PBXBuildFile section */
		85346DED242AB83B0063F05A /* NSTouchBar+Private.swift in Sources */ = {isa = PBXBuildFile; fileRef = 85346DEC242AB83B0063F05A /* NSTouchBar+Private.swift */; };
		85346DEF242AB8BD0063F05A /* NSMenuItem+Closure.swift in Sources */ = {isa = PBXBuildFile; fileRef = 85346DEE242AB8BD0063F05A /* NSMenuItem+Closure.swift */; };
		8537BC7B23A6F99B00609177 /* AppDelegate.swift in Sources */ = {isa = PBXBuildFile; fileRef = 8537BC7A23A6F99B00609177 /* AppDelegate.swift */; };
		8537BC7D23A6F99B00609177 /* ViewController.swift in Sources */ = {isa = PBXBuildFile; fileRef = 8537BC7C23A6F99B00609177 /* ViewController.swift */; };
		8537BC7F23A6F99C00609177 /* Assets.xcassets in Resources */ = {isa = PBXBuildFile; fileRef = 8537BC7E23A6F99C00609177 /* Assets.xcassets */; };
		8537BC8223A6F99C00609177 /* Main.storyboard in Resources */ = {isa = PBXBuildFile; fileRef = 8537BC8023A6F99C00609177 /* Main.storyboard */; };
		8537BC9023A6FA3300609177 /* DFRFoundation.framework in Frameworks */ = {isa = PBXBuildFile; fileRef = 8537BC8F23A6FA3300609177 /* DFRFoundation.framework */; };
		8537BC9123A6FA3300609177 /* DFRFoundation.framework in Embed Frameworks */ = {isa = PBXBuildFile; fileRef = 8537BC8F23A6FA3300609177 /* DFRFoundation.framework */; settings = {ATTRIBUTES = (CodeSignOnCopy, RemoveHeadersOnCopy, ); }; };
/* End PBXBuildFile section */

/* Begin PBXCopyFilesBuildPhase section */
		8537BC9223A6FA3300609177 /* Embed Frameworks */ = {
			isa = PBXCopyFilesBuildPhase;
			buildActionMask = 2147483647;
			dstPath = "";
			dstSubfolderSpec = 10;
			files = (
				8537BC9123A6FA3300609177 /* DFRFoundation.framework in Embed Frameworks */,
			);
			name = "Embed Frameworks";
			runOnlyForDeploymentPostprocessing = 0;
		};
/* End PBXCopyFilesBuildPhase section */

/* Begin PBXFileReference section */
		85346DEC242AB83B0063F05A /* NSTouchBar+Private.swift */ = {isa = PBXFileReference; lastKnownFileType = sourcecode.swift; path = "NSTouchBar+Private.swift"; sourceTree = "<group>"; };
		85346DEE242AB8BD0063F05A /* NSMenuItem+Closure.swift */ = {isa = PBXFileReference; lastKnownFileType = sourcecode.swift; path = "NSMenuItem+Closure.swift"; sourceTree = "<group>"; };
		8537BC7723A6F99B00609177 /* Touch Bar Display Test.app */ = {isa = PBXFileReference; explicitFileType = wrapper.application; includeInIndex = 0; path = "Touch Bar Display Test.app"; sourceTree = BUILT_PRODUCTS_DIR; };
		8537BC7A23A6F99B00609177 /* AppDelegate.swift */ = {isa = PBXFileReference; lastKnownFileType = sourcecode.swift; path = AppDelegate.swift; sourceTree = "<group>"; };
		8537BC7C23A6F99B00609177 /* ViewController.swift */ = {isa = PBXFileReference; lastKnownFileType = sourcecode.swift; path = ViewController.swift; sourceTree = "<group>"; };
		8537BC7E23A6F99C00609177 /* Assets.xcassets */ = {isa = PBXFileReference; lastKnownFileType = folder.assetcatalog; path = Assets.xcassets; sourceTree = "<group>"; };
		8537BC8123A6F99C00609177 /* Base */ = {isa = PBXFileReference; lastKnownFileType = file.storyboard; name = Base; path = Base.lproj/Main.storyboard; sourceTree = "<group>"; };
		8537BC8323A6F99C00609177 /* Info.plist */ = {isa = PBXFileReference; lastKnownFileType = text.plist.xml; path = Info.plist; sourceTree = "<group>"; };
		8537BC8423A6F99C00609177 /* TouchBarDisplayTest.entitlements */ = {isa = PBXFileReference; lastKnownFileType = text.plist.entitlements; path = TouchBarDisplayTest.entitlements; sourceTree = "<group>"; };
		8537BC8F23A6FA3300609177 /* DFRFoundation.framework */ = {isa = PBXFileReference; lastKnownFileType = wrapper.framework; name = DFRFoundation.framework; path = ../../../../System/Library/PrivateFrameworks/DFRFoundation.framework; sourceTree = "<group>"; };
/* End PBXFileReference section */

/* Begin PBXFrameworksBuildPhase section */
		8537BC7423A6F99B00609177 /* Frameworks */ = {
			isa = PBXFrameworksBuildPhase;
			buildActionMask = 2147483647;
			files = (
				8537BC9023A6FA3300609177 /* DFRFoundation.framework in Frameworks */,
			);
			runOnlyForDeploymentPostprocessing = 0;
		};
/* End PBXFrameworksBuildPhase section */

/* Begin PBXGroup section */
		8537BC6E23A6F99B00609177 = {
			isa = PBXGroup;
			children = (
				8537BC7923A6F99B00609177 /* TouchBarDisplayTest */,
				8537BC7823A6F99B00609177 /* Products */,
				8537BC8E23A6FA3200609177 /* Frameworks */,
			);
			sourceTree = "<group>";
		};
		8537BC7823A6F99B00609177 /* Products */ = {
			isa = PBXGroup;
			children = (
				8537BC7723A6F99B00609177 /* Touch Bar Display Test.app */,
			);
			name = Products;
			sourceTree = "<group>";
		};
		8537BC7923A6F99B00609177 /* TouchBarDisplayTest */ = {
			isa = PBXGroup;
			children = (
				8537BC7A23A6F99B00609177 /* AppDelegate.swift */,
				8537BC7C23A6F99B00609177 /* ViewController.swift */,
				85346DEE242AB8BD0063F05A /* NSMenuItem+Closure.swift */,
				85346DEC242AB83B0063F05A /* NSTouchBar+Private.swift */,
				8537BC7E23A6F99C00609177 /* Assets.xcassets */,
				8537BC8023A6F99C00609177 /* Main.storyboard */,
				8537BC8323A6F99C00609177 /* Info.plist */,
				8537BC8423A6F99C00609177 /* TouchBarDisplayTest.entitlements */,
			);
			path = TouchBarDisplayTest;
			sourceTree = "<group>";
		};
		8537BC8E23A6FA3200609177 /* Frameworks */ = {
			isa = PBXGroup;
			children = (
				8537BC8F23A6FA3300609177 /* DFRFoundation.framework */,
			);
			name = Frameworks;
			sourceTree = "<group>";
		};
/* End PBXGroup section */

/* Begin PBXNativeTarget section */
		8537BC7623A6F99B00609177 /* Touch Bar Display Test */ = {
			isa = PBXNativeTarget;
			buildConfigurationList = 8537BC8723A6F99C00609177 /* Build configuration list for PBXNativeTarget "Touch Bar Display Test" */;
			buildPhases = (
				8537BC7323A6F99B00609177 /* Sources */,
				8537BC7423A6F99B00609177 /* Frameworks */,
				8537BC7523A6F99B00609177 /* Resources */,
				8537BC9223A6FA3300609177 /* Embed Frameworks */,
			);
			buildRules = (
			);
			dependencies = (
			);
			name = "Touch Bar Display Test";
			productName = TouchBarDisplayTest;
			productReference = 8537BC7723A6F99B00609177 /* Touch Bar Display Test.app */;
			productType = "com.apple.product-type.application";
		};
/* End PBXNativeTarget section */

/* Begin PBXProject section */
		8537BC6F23A6F99B00609177 /* Project object */ = {
			isa = PBXProject;
			attributes = {
				LastSwiftUpdateCheck = 1130;
				LastUpgradeCheck = 1130;
				ORGANIZATIONNAME = "Adam Marcus";
				TargetAttributes = {
					8537BC7623A6F99B00609177 = {
						CreatedOnToolsVersion = 11.3;
						LastSwiftMigration = 1130;
					};
				};
			};
			buildConfigurationList = 8537BC7223A6F99B00609177 /* Build configuration list for PBXProject "Touch Bar Display Test" */;
			compatibilityVersion = "Xcode 9.3";
			developmentRegion = en;
			hasScannedForEncodings = 0;
			knownRegions = (
				en,
				Base,
			);
			mainGroup = 8537BC6E23A6F99B00609177;
			productRefGroup = 8537BC7823A6F99B00609177 /* Products */;
			projectDirPath = "";
			projectRoot = "";
			targets = (
				8537BC7623A6F99B00609177 /* Touch Bar Display Test */,
			);
		};
/* End PBXProject section */

/* Begin PBXResourcesBuildPhase section */
		8537BC7523A6F99B00609177 /* Resources */ = {
			isa = PBXResourcesBuildPhase;
			buildActionMask = 2147483647;
			files = (
				8537BC7F23A6F99C00609177 /* Assets.xcassets in Resources */,
				8537BC8223A6F99C00609177 /* Main.storyboard in Resources */,
			);
			runOnlyForDeploymentPostprocessing = 0;
		};
/* End PBXResourcesBuildPhase section */

/* Begin PBXSourcesBuildPhase section */
		8537BC7323A6F99B00609177 /* Sources */ = {
			isa = PBXSourcesBuildPhase;
			buildActionMask = 2147483647;
			files = (
				8537BC7D23A6F99B00609177 /* ViewController.swift in Sources */,
				85346DEF242AB8BD0063F05A /* NSMenuItem+Closure.swift in Sources */,
				85346DED242AB83B0063F05A /* NSTouchBar+Private.swift in Sources */,
				8537BC7B23A6F99B00609177 /* AppDelegate.swift in Sources */,
			);
			runOnlyForDeploymentPostprocessing = 0;
		};
/* End PBXSourcesBuildPhase section */

/* Begin PBXVariantGroup section */
		8537BC8023A6F99C00609177 /* Main.storyboard */ = {
			isa = PBXVariantGroup;
			children = (
				8537BC8123A6F99C00609177 /* Base */,
			);
			name = Main.storyboard;
			sourceTree = "<group>";
		};
/* End PBXVariantGroup section */

/* Begin XCBuildConfiguration section */
		8537BC8523A6F99C00609177 /* Debug */ = {
			isa = XCBuildConfiguration;
			buildSettings = {
				ALWAYS_SEARCH_USER_PATHS = NO;
				CLANG_ANALYZER_NONNULL = YES;
				CLANG_ANALYZER_NUMBER_OBJECT_CONVERSION = YES_AGGRESSIVE;
				CLANG_CXX_LANGUAGE_STANDARD = "gnu++14";
				CLANG_CXX_LIBRARY = "libc++";
				CLANG_ENABLE_MODULES = YES;
				CLANG_ENABLE_OBJC_ARC = YES;
				CLANG_ENABLE_OBJC_WEAK = YES;
				CLANG_WARN_BLOCK_CAPTURE_AUTORELEASING = YES;
				CLANG_WARN_BOOL_CONVERSION = YES;
				CLANG_WARN_COMMA = YES;
				CLANG_WARN_CONSTANT_CONVERSION = YES;
				CLANG_WARN_DEPRECATED_OBJC_IMPLEMENTATIONS = YES;
				CLANG_WARN_DIRECT_OBJC_ISA_USAGE = YES_ERROR;
				CLANG_WARN_DOCUMENTATION_COMMENTS = YES;
				CLANG_WARN_EMPTY_BODY = YES;
				CLANG_WARN_ENUM_CONVERSION = YES;
				CLANG_WARN_INFINITE_RECURSION = YES;
				CLANG_WARN_INT_CONVERSION = YES;
				CLANG_WARN_NON_LITERAL_NULL_CONVERSION = YES;
				CLANG_WARN_OBJC_IMPLICIT_RETAIN_SELF = YES;
				CLANG_WARN_OBJC_LITERAL_CONVERSION = YES;
				CLANG_WARN_OBJC_ROOT_CLASS = YES_ERROR;
				CLANG_WARN_RANGE_LOOP_ANALYSIS = YES;
				CLANG_WARN_STRICT_PROTOTYPES = YES;
				CLANG_WARN_SUSPICIOUS_MOVE = YES;
				CLANG_WARN_UNGUARDED_AVAILABILITY = YES_AGGRESSIVE;
				CLANG_WARN_UNREACHABLE_CODE = YES;
				CLANG_WARN__DUPLICATE_METHOD_MATCH = YES;
				COPY_PHASE_STRIP = NO;
				DEBUG_INFORMATION_FORMAT = dwarf;
				ENABLE_HARDENED_RUNTIME = YES;
				ENABLE_STRICT_OBJC_MSGSEND = YES;
				ENABLE_TESTABILITY = YES;
				GCC_C_LANGUAGE_STANDARD = gnu11;
				GCC_DYNAMIC_NO_PIC = NO;
				GCC_NO_COMMON_BLOCKS = YES;
				GCC_OPTIMIZATION_LEVEL = 0;
				GCC_PREPROCESSOR_DEFINITIONS = (
					"DEBUG=1",
					"$(inherited)",
				);
				GCC_WARN_64_TO_32_BIT_CONVERSION = YES;
				GCC_WARN_ABOUT_RETURN_TYPE = YES_ERROR;
				GCC_WARN_UNDECLARED_SELECTOR = YES;
				GCC_WARN_UNINITIALIZED_AUTOS = YES_AGGRESSIVE;
				GCC_WARN_UNUSED_FUNCTION = YES;
				GCC_WARN_UNUSED_VARIABLE = YES;
				MACOSX_DEPLOYMENT_TARGET = 10.14;
				MTL_ENABLE_DEBUG_INFO = INCLUDE_SOURCE;
				MTL_FAST_MATH = YES;
				ONLY_ACTIVE_ARCH = YES;
				SDKROOT = macosx;
				SWIFT_ACTIVE_COMPILATION_CONDITIONS = DEBUG;
				SWIFT_OPTIMIZATION_LEVEL = "-Onone";
			};
			name = Debug;
		};
		8537BC8623A6F99C00609177 /* Release */ = {
			isa = XCBuildConfiguration;
			buildSettings = {
				ALWAYS_SEARCH_USER_PATHS = NO;
				CLANG_ANALYZER_NONNULL = YES;
				CLANG_ANALYZER_NUMBER_OBJECT_CONVERSION = YES_AGGRESSIVE;
				CLANG_CXX_LANGUAGE_STANDARD = "gnu++14";
				CLANG_CXX_LIBRARY = "libc++";
				CLANG_ENABLE_MODULES = YES;
				CLANG_ENABLE_OBJC_ARC = YES;
				CLANG_ENABLE_OBJC_WEAK = YES;
				CLANG_WARN_BLOCK_CAPTURE_AUTORELEASING = YES;
				CLANG_WARN_BOOL_CONVERSION = YES;
				CLANG_WARN_COMMA = YES;
				CLANG_WARN_CONSTANT_CONVERSION = YES;
				CLANG_WARN_DEPRECATED_OBJC_IMPLEMENTATIONS = YES;
				CLANG_WARN_DIRECT_OBJC_ISA_USAGE = YES_ERROR;
				CLANG_WARN_DOCUMENTATION_COMMENTS = YES;
				CLANG_WARN_EMPTY_BODY = YES;
				CLANG_WARN_ENUM_CONVERSION = YES;
				CLANG_WARN_INFINITE_RECURSION = YES;
				CLANG_WARN_INT_CONVERSION = YES;
				CLANG_WARN_NON_LITERAL_NULL_CONVERSION = YES;
				CLANG_WARN_OBJC_IMPLICIT_RETAIN_SELF = YES;
				CLANG_WARN_OBJC_LITERAL_CONVERSION = YES;
				CLANG_WARN_OBJC_ROOT_CLASS = YES_ERROR;
				CLANG_WARN_RANGE_LOOP_ANALYSIS = YES;
				CLANG_WARN_STRICT_PROTOTYPES = YES;
				CLANG_WARN_SUSPICIOUS_MOVE = YES;
				CLANG_WARN_UNGUARDED_AVAILABILITY = YES_AGGRESSIVE;
				CLANG_WARN_UNREACHABLE_CODE = YES;
				CLANG_WARN__DUPLICATE_METHOD_MATCH = YES;
				COPY_PHASE_STRIP = NO;
				DEBUG_INFORMATION_FORMAT = "dwarf-with-dsym";
				ENABLE_HARDENED_RUNTIME = YES;
				ENABLE_NS_ASSERTIONS = NO;
				ENABLE_STRICT_OBJC_MSGSEND = YES;
				GCC_C_LANGUAGE_STANDARD = gnu11;
				GCC_NO_COMMON_BLOCKS = YES;
				GCC_WARN_64_TO_32_BIT_CONVERSION = YES;
				GCC_WARN_ABOUT_RETURN_TYPE = YES_ERROR;
				GCC_WARN_UNDECLARED_SELECTOR = YES;
				GCC_WARN_UNINITIALIZED_AUTOS = YES_AGGRESSIVE;
				GCC_WARN_UNUSED_FUNCTION = YES;
				GCC_WARN_UNUSED_VARIABLE = YES;
				MACOSX_DEPLOYMENT_TARGET = 10.14;
				MTL_ENABLE_DEBUG_INFO = NO;
				MTL_FAST_MATH = YES;
				SDKROOT = macosx;
				SWIFT_COMPILATION_MODE = wholemodule;
				SWIFT_OPTIMIZATION_LEVEL = "-O";
			};
			name = Release;
		};
		8537BC8823A6F99C00609177 /* Debug */ = {
			isa = XCBuildConfiguration;
			buildSettings = {
				ASSETCATALOG_COMPILER_APPICON_NAME = AppIcon;
				CLANG_ENABLE_MODULES = YES;
				CODE_SIGN_ENTITLEMENTS = TouchBarDisplayTest/TouchBarDisplayTest.entitlements;
				CODE_SIGN_IDENTITY = "Developer ID Application";
				CODE_SIGN_STYLE = Manual;
				COMBINE_HIDPI_IMAGES = YES;
				CURRENT_PROJECT_VERSION = 2;
				DEVELOPMENT_TEAM = BQ6Q24MF9X;
				ENABLE_HARDENED_RUNTIME = YES;
				INFOPLIST_FILE = TouchBarDisplayTest/Info.plist;
				LD_RUNPATH_SEARCH_PATHS = (
					"$(inherited)",
					"@executable_path/../Frameworks",
				);
				MARKETING_VERSION = 1.0.1;
				PRODUCT_BUNDLE_IDENTIFIER = com.amarcus.TouchBarDisplayTest;
				PRODUCT_NAME = "$(TARGET_NAME)";
				PROVISIONING_PROFILE_SPECIFIER = "";
				SWIFT_OPTIMIZATION_LEVEL = "-Onone";
				SWIFT_VERSION = 5.0;
				SYSTEM_FRAMEWORK_SEARCH_PATHS = (
					"$(inherited)",
					"$(SYSTEM_LIBRARY_DIR)/PrivateFrameworks",
				);
			};
			name = Debug;
		};
		8537BC8923A6F99C00609177 /* Release */ = {
			isa = XCBuildConfiguration;
			buildSettings = {
				ASSETCATALOG_COMPILER_APPICON_NAME = AppIcon;
				CLANG_ENABLE_MODULES = YES;
				CODE_SIGN_ENTITLEMENTS = TouchBarDisplayTest/TouchBarDisplayTest.entitlements;
				CODE_SIGN_IDENTITY = "Developer ID Application";
				CODE_SIGN_STYLE = Manual;
				COMBINE_HIDPI_IMAGES = YES;
				CURRENT_PROJECT_VERSION = 2;
				DEVELOPMENT_TEAM = BQ6Q24MF9X;
				ENABLE_HARDENED_RUNTIME = YES;
				INFOPLIST_FILE = TouchBarDisplayTest/Info.plist;
				LD_RUNPATH_SEARCH_PATHS = (
					"$(inherited)",
					"@executable_path/../Frameworks",
				);
				MARKETING_VERSION = 1.0.1;
				PRODUCT_BUNDLE_IDENTIFIER = com.amarcus.TouchBarDisplayTest;
				PRODUCT_NAME = "$(TARGET_NAME)";
				PROVISIONING_PROFILE_SPECIFIER = "";
				SWIFT_VERSION = 5.0;
				SYSTEM_FRAMEWORK_SEARCH_PATHS = (
					"$(inherited)",
					"$(SYSTEM_LIBRARY_DIR)/PrivateFrameworks",
				);
			};
			name = Release;
		};
/* End XCBuildConfiguration section */

/* Begin XCConfigurationList section */
		8537BC7223A6F99B00609177 /* Build configuration list for PBXProject "Touch Bar Display Test" */ = {
			isa = XCConfigurationList;
			buildConfigurations = (
				8537BC8523A6F99C00609177 /* Debug */,
				8537BC8623A6F99C00609177 /* Release */,
			);
			defaultConfigurationIsVisible = 0;
			defaultConfigurationName = Release;
		};
		8537BC8723A6F99C00609177 /* Build configuration list for PBXNativeTarget "Touch Bar Display Test" */ = {
			isa = XCConfigurationList;
			buildConfigurations = (
				8537BC8823A6F99C00609177 /* Debug */,
				8537BC8923A6F99C00609177 /* Release */,
			);
			defaultConfigurationIsVisible = 0;
			defaultConfigurationName = Release;
		};
/* End XCConfigurationList section */
	};
	rootObject = 8537BC6F23A6F99B00609177 /* Project object */;
}
